
Microsoft Visual Studio Solution File, Format Version 12.00
# Visual Studio Version 17
VisualStudioVersion = 17.10.35013.160
MinimumVisualStudioVersion = 10.0.40219.1
Project("{FAE04EC0-301F-11D3-BF4B-00C04F79EFBC}") = "blog-test", "blog-test.csproj", "{BAD3BDC2-7D4C-4304-9472-E55D65B5CCCE}"
EndProject
Global
	GlobalSection(SolutionConfigurationPlatforms) = preSolution
		Debug|Any CPU = Debug|Any CPU
		Release|Any CPU = Release|Any CPU
	EndGlobalSection
	GlobalSection(ProjectConfigurationPlatforms) = postSolution
		{BAD3BDC2-7D4C-4304-9472-E55D65B5CCCE}.Debug|Any CPU.ActiveCfg = Debug|Any CPU
		{BAD3BDC2-7D4C-4304-9472-E55D65B5CCCE}.Debug|Any CPU.Build.0 = Debug|Any CPU
		{BAD3BDC2-7D4C-4304-9472-E55D65B5CCCE}.Release|Any CPU.ActiveCfg = Release|Any CPU
		{BAD3BDC2-7D4C-4304-9472-E55D65B5CCCE}.Release|Any CPU.Build.0 = Release|Any CPU
	EndGlobalSection
	GlobalSection(SolutionProperties) = preSolution
		HideSolutionNode = FALSE
	EndGlobalSection
	GlobalSection(ExtensibilityGlobals) = postSolution
		SolutionGuid = {0CC4EFEA-84A4-4E7D-AB96-CE463644C5A8}
	EndGlobalSection
EndGlobal
